
Microsoft Visual Studio Solution File, Format Version 12.00
# Visual Studio Version 17
VisualStudioVersion = 17.9.34607.119
MinimumVisualStudioVersion = 10.0.40219.1
Project("{9A19103F-16F7-4668-BE54-9A1E7A4F7556}") = "AlbumApi", "AlbumApi\AlbumApi.csproj", "{DD5928D0-BD93-469C-A8BE-063FEC39C4F6}"
EndProject
Project("{9A19103F-16F7-4668-BE54-9A1E7A4F7556}") = "WebApiCore", "WebApiCore\WebApiCore.csproj", "{3DBA5582-FDD5-4CC7-9EBE-4F643C5883A1}"
EndProject
Project("{FAE04EC0-301F-11D3-BF4B-00C04F79EFBC}") = "IdentityApi", "IdentityApi\IdentityApi.csproj", "{1D2BC0B1-2BD4-479E-940C-89E26F97375A}"
EndProject
Global
	GlobalSection(SolutionConfigurationPlatforms) = preSolution
		Debug|Any CPU = Debug|Any CPU
		Release|Any CPU = Release|Any CPU
	EndGlobalSection
	GlobalSection(ProjectConfigurationPlatforms) = postSolution
		{DD5928D0-BD93-469C-A8BE-063FEC39C4F6}.Debug|Any CPU.ActiveCfg = Debug|Any CPU
		{DD5928D0-BD93-469C-A8BE-063FEC39C4F6}.Debug|Any CPU.Build.0 = Debug|Any CPU
		{DD5928D0-BD93-469C-A8BE-063FEC39C4F6}.Release|Any CPU.ActiveCfg = Release|Any CPU
		{DD5928D0-BD93-469C-A8BE-063FEC39C4F6}.Release|Any CPU.Build.0 = Release|Any CPU
		{3DBA5582-FDD5-4CC7-9EBE-4F643C5883A1}.Debug|Any CPU.ActiveCfg = Debug|Any CPU
		{3DBA5582-FDD5-4CC7-9EBE-4F643C5883A1}.Debug|Any CPU.Build.0 = Debug|Any CPU
		{3DBA5582-FDD5-4CC7-9EBE-4F643C5883A1}.Release|Any CPU.ActiveCfg = Release|Any CPU
		{3DBA5582-FDD5-4CC7-9EBE-4F643C5883A1}.Release|Any CPU.Build.0 = Release|Any CPU
		{1D2BC0B1-2BD4-479E-940C-89E26F97375A}.Debug|Any CPU.ActiveCfg = Debug|Any CPU
		{1D2BC0B1-2BD4-479E-940C-89E26F97375A}.Debug|Any CPU.Build.0 = Debug|Any CPU
		{1D2BC0B1-2BD4-479E-940C-89E26F97375A}.Release|Any CPU.ActiveCfg = Release|Any CPU
		{1D2BC0B1-2BD4-479E-940C-89E26F97375A}.Release|Any CPU.Build.0 = Release|Any CPU
	EndGlobalSection
	GlobalSection(SolutionProperties) = preSolution
		HideSolutionNode = FALSE
	EndGlobalSection
	GlobalSection(ExtensibilityGlobals) = postSolution
		SolutionGuid = {192243A5-C74C-40AA-8425-E023C636E3F6}
	EndGlobalSection
EndGlobal
